// !$*UTF8*$!
{
	archiveVersion = 1;
	classes = {
	};
	objectVersion = 46;
	objects = {

/* Begin PBXBuildFile section */
		79C46B2AD6BC7FEC3997D658 /* Pods.framework in Frameworks */ = {isa = PBXBuildFile; fileRef = EE5BDA02BF6D6590F5EF8C79 /* Pods.framework */; settings = {ATTRIBUTES = (Weak, ); }; };
		EC501ABD1B83042200D9256D /* ItemsViewController.swift in Sources */ = {isa = PBXBuildFile; fileRef = EC501ABC1B83042200D9256D /* ItemsViewController.swift */; };
		EC501ABF1B830A4100D9256D /* BrowserViewController.swift in Sources */ = {isa = PBXBuildFile; fileRef = EC501ABE1B830A4100D9256D /* BrowserViewController.swift */; };
		EC501AC11B830B7700D9256D /* SearchManager.swift in Sources */ = {isa = PBXBuildFile; fileRef = EC501AC01B830B7700D9256D /* SearchManager.swift */; };
		EC501AC31B830CB800D9256D /* EndPoints.swift in Sources */ = {isa = PBXBuildFile; fileRef = EC501AC21B830CB800D9256D /* EndPoints.swift */; };
		EC501AC71B8317BB00D9256D /* ItemJSON.swift in Sources */ = {isa = PBXBuildFile; fileRef = EC501AC61B8317BB00D9256D /* ItemJSON.swift */; };
		ECB2E1EC1B82CF1B00BF4493 /* AppDelegate.swift in Sources */ = {isa = PBXBuildFile; fileRef = ECB2E1EB1B82CF1B00BF4493 /* AppDelegate.swift */; };
		ECB2E1F11B82CF1B00BF4493 /* Main.storyboard in Resources */ = {isa = PBXBuildFile; fileRef = ECB2E1EF1B82CF1B00BF4493 /* Main.storyboard */; };
		ECB2E1F31B82CF1B00BF4493 /* Images.xcassets in Resources */ = {isa = PBXBuildFile; fileRef = ECB2E1F21B82CF1B00BF4493 /* Images.xcassets */; };
		ECB2E1F61B82CF1B00BF4493 /* LaunchScreen.xib in Resources */ = {isa = PBXBuildFile; fileRef = ECB2E1F41B82CF1B00BF4493 /* LaunchScreen.xib */; };
		ECB2E2021B82CF1B00BF4493 /* rakutenViewerTests.swift in Sources */ = {isa = PBXBuildFile; fileRef = ECB2E2011B82CF1B00BF4493 /* rakutenViewerTests.swift */; };
		ECB2E20C1B82D13000BF4493 /* APIClient.swift in Sources */ = {isa = PBXBuildFile; fileRef = ECB2E20B1B82D13000BF4493 /* APIClient.swift */; };
		ECEE04C71B845BAC00FFCEFB /* ItemCell.swift in Sources */ = {isa = PBXBuildFile; fileRef = ECEE04C61B845BAC00FFCEFB /* ItemCell.swift */; };
/* End PBXBuildFile section */

/* Begin PBXContainerItemProxy section */
		ECB2E1FC1B82CF1B00BF4493 /* PBXContainerItemProxy */ = {
			isa = PBXContainerItemProxy;
			containerPortal = ECB2E1DE1B82CF1B00BF4493 /* Project object */;
			proxyType = 1;
			remoteGlobalIDString = ECB2E1E51B82CF1B00BF4493;
			remoteInfo = rakutenViewer;
		};
/* End PBXContainerItemProxy section */

/* Begin PBXFileReference section */
		E319CC9C0FB8D23A8759A78F /* Pods.release.xcconfig */ = {isa = PBXFileReference; includeInIndex = 1; lastKnownFileType = text.xcconfig; name = Pods.release.xcconfig; path = "Pods/Target Support Files/Pods/Pods.release.xcconfig"; sourceTree = "<group>"; };
		EC501ABC1B83042200D9256D /* ItemsViewController.swift */ = {isa = PBXFileReference; fileEncoding = 4; lastKnownFileType = sourcecode.swift; path = ItemsViewController.swift; sourceTree = "<group>"; };
		EC501ABE1B830A4100D9256D /* BrowserViewController.swift */ = {isa = PBXFileReference; fileEncoding = 4; lastKnownFileType = sourcecode.swift; path = BrowserViewController.swift; sourceTree = "<group>"; };
		EC501AC01B830B7700D9256D /* SearchManager.swift */ = {isa = PBXFileReference; fileEncoding = 4; lastKnownFileType = sourcecode.swift; path = SearchManager.swift; sourceTree = "<group>"; };
		EC501AC21B830CB800D9256D /* EndPoints.swift */ = {isa = PBXFileReference; fileEncoding = 4; lastKnownFileType = sourcecode.swift; path = EndPoints.swift; sourceTree = "<group>"; };
		EC501AC61B8317BB00D9256D /* ItemJSON.swift */ = {isa = PBXFileReference; fileEncoding = 4; lastKnownFileType = sourcecode.swift; path = ItemJSON.swift; sourceTree = "<group>"; };
		ECB2E1E61B82CF1B00BF4493 /* rakutenViewer.app */ = {isa = PBXFileReference; explicitFileType = wrapper.application; includeInIndex = 0; path = rakutenViewer.app; sourceTree = BUILT_PRODUCTS_DIR; };
		ECB2E1EA1B82CF1B00BF4493 /* Info.plist */ = {isa = PBXFileReference; lastKnownFileType = text.plist.xml; path = Info.plist; sourceTree = "<group>"; };
		ECB2E1EB1B82CF1B00BF4493 /* AppDelegate.swift */ = {isa = PBXFileReference; lastKnownFileType = sourcecode.swift; path = AppDelegate.swift; sourceTree = "<group>"; };
		ECB2E1F01B82CF1B00BF4493 /* Base */ = {isa = PBXFileReference; lastKnownFileType = file.storyboard; name = Base; path = Base.lproj/Main.storyboard; sourceTree = "<group>"; };
		ECB2E1F21B82CF1B00BF4493 /* Images.xcassets */ = {isa = PBXFileReference; lastKnownFileType = folder.assetcatalog; path = Images.xcassets; sourceTree = "<group>"; };
		ECB2E1F51B82CF1B00BF4493 /* Base */ = {isa = PBXFileReference; lastKnownFileType = file.xib; name = Base; path = Base.lproj/LaunchScreen.xib; sourceTree = "<group>"; };
		ECB2E1FB1B82CF1B00BF4493 /* rakutenViewerTests.xctest */ = {isa = PBXFileReference; explicitFileType = wrapper.cfbundle; includeInIndex = 0; path = rakutenViewerTests.xctest; sourceTree = BUILT_PRODUCTS_DIR; };
		ECB2E2001B82CF1B00BF4493 /* Info.plist */ = {isa = PBXFileReference; lastKnownFileType = text.plist.xml; path = Info.plist; sourceTree = "<group>"; };
		ECB2E2011B82CF1B00BF4493 /* rakutenViewerTests.swift */ = {isa = PBXFileReference; lastKnownFileType = sourcecode.swift; path = rakutenViewerTests.swift; sourceTree = "<group>"; };
		ECB2E20B1B82D13000BF4493 /* APIClient.swift */ = {isa = PBXFileReference; fileEncoding = 4; lastKnownFileType = sourcecode.swift; path = APIClient.swift; sourceTree = "<group>"; };
		ECEE04C61B845BAC00FFCEFB /* ItemCell.swift */ = {isa = PBXFileReference; fileEncoding = 4; lastKnownFileType = sourcecode.swift; path = ItemCell.swift; sourceTree = "<group>"; };
		EE5BDA02BF6D6590F5EF8C79 /* Pods.framework */ = {isa = PBXFileReference; explicitFileType = wrapper.framework; includeInIndex = 0; path = Pods.framework; sourceTree = BUILT_PRODUCTS_DIR; };
		F850F0A3A7A93EF4D2990847 /* Pods.debug.xcconfig */ = {isa = PBXFileReference; includeInIndex = 1; lastKnownFileType = text.xcconfig; name = Pods.debug.xcconfig; path = "Pods/Target Support Files/Pods/Pods.debug.xcconfig"; sourceTree = "<group>"; };
/* End PBXFileReference section */

/* Begin PBXFrameworksBuildPhase section */
		ECB2E1E31B82CF1B00BF4493 /* Frameworks */ = {
			isa = PBXFrameworksBuildPhase;
			buildActionMask = 2147483647;
			files = (
				79C46B2AD6BC7FEC3997D658 /* Pods.framework in Frameworks */,
			);
			runOnlyForDeploymentPostprocessing = 0;
		};
		ECB2E1F81B82CF1B00BF4493 /* Frameworks */ = {
			isa = PBXFrameworksBuildPhase;
			buildActionMask = 2147483647;
			files = (
			);
			runOnlyForDeploymentPostprocessing = 0;
		};
/* End PBXFrameworksBuildPhase section */

/* Begin PBXGroup section */
		2010FCF308273FA05DB3DC0B /* Pods */ = {
			isa = PBXGroup;
			children = (
				F850F0A3A7A93EF4D2990847 /* Pods.debug.xcconfig */,
				E319CC9C0FB8D23A8759A78F /* Pods.release.xcconfig */,
			);
			name = Pods;
			sourceTree = "<group>";
		};
		3AF58D34E231B5E9BF067195 /* Frameworks */ = {
			isa = PBXGroup;
			children = (
				EE5BDA02BF6D6590F5EF8C79 /* Pods.framework */,
			);
			name = Frameworks;
			sourceTree = "<group>";
		};
		ECB2E1DD1B82CF1B00BF4493 = {
			isa = PBXGroup;
			children = (
				ECB2E1E81B82CF1B00BF4493 /* rakutenViewer */,
				ECB2E1FE1B82CF1B00BF4493 /* rakutenViewerTests */,
				ECB2E1E71B82CF1B00BF4493 /* Products */,
				2010FCF308273FA05DB3DC0B /* Pods */,
				3AF58D34E231B5E9BF067195 /* Frameworks */,
			);
			sourceTree = "<group>";
		};
		ECB2E1E71B82CF1B00BF4493 /* Products */ = {
			isa = PBXGroup;
			children = (
				ECB2E1E61B82CF1B00BF4493 /* rakutenViewer.app */,
				ECB2E1FB1B82CF1B00BF4493 /* rakutenViewerTests.xctest */,
			);
			name = Products;
			sourceTree = "<group>";
		};
		ECB2E1E81B82CF1B00BF4493 /* rakutenViewer */ = {
			isa = PBXGroup;
			children = (
				ECEE04C61B845BAC00FFCEFB /* ItemCell.swift */,
				EC501ABC1B83042200D9256D /* ItemsViewController.swift */,
				EC501ABE1B830A4100D9256D /* BrowserViewController.swift */,
				EC501AC01B830B7700D9256D /* SearchManager.swift */,
				EC501AC21B830CB800D9256D /* EndPoints.swift */,
				EC501AC61B8317BB00D9256D /* ItemJSON.swift */,
				ECB2E1EB1B82CF1B00BF4493 /* AppDelegate.swift */,
				ECB2E20B1B82D13000BF4493 /* APIClient.swift */,
				ECB2E1EF1B82CF1B00BF4493 /* Main.storyboard */,
				ECB2E1F21B82CF1B00BF4493 /* Images.xcassets */,
				ECB2E1F41B82CF1B00BF4493 /* LaunchScreen.xib */,
				ECB2E1E91B82CF1B00BF4493 /* Supporting Files */,
			);
			path = rakutenViewer;
			sourceTree = "<group>";
		};
		ECB2E1E91B82CF1B00BF4493 /* Supporting Files */ = {
			isa = PBXGroup;
			children = (
				ECB2E1EA1B82CF1B00BF4493 /* Info.plist */,
			);
			name = "Supporting Files";
			sourceTree = "<group>";
		};
		ECB2E1FE1B82CF1B00BF4493 /* rakutenViewerTests */ = {
			isa = PBXGroup;
			children = (
				ECB2E2011B82CF1B00BF4493 /* rakutenViewerTests.swift */,
				ECB2E1FF1B82CF1B00BF4493 /* Supporting Files */,
			);
			path = rakutenViewerTests;
			sourceTree = "<group>";
		};
		ECB2E1FF1B82CF1B00BF4493 /* Supporting Files */ = {
			isa = PBXGroup;
			children = (
				ECB2E2001B82CF1B00BF4493 /* Info.plist */,
			);
			name = "Supporting Files";
			sourceTree = "<group>";
		};
/* End PBXGroup section */

/* Begin PBXNativeTarget section */
		ECB2E1E51B82CF1B00BF4493 /* rakutenViewer */ = {
			isa = PBXNativeTarget;
			buildConfigurationList = ECB2E2051B82CF1B00BF4493 /* Build configuration list for PBXNativeTarget "rakutenViewer" */;
			buildPhases = (
				9814A7753B909A5411CD2D01 /* Check Pods Manifest.lock */,
				ECB2E1E21B82CF1B00BF4493 /* Sources */,
				ECB2E1E31B82CF1B00BF4493 /* Frameworks */,
				ECB2E1E41B82CF1B00BF4493 /* Resources */,
				EC929B8AA4AF698A0B0544AF /* Embed Pods Frameworks */,
				80990AF2C7EB85BA4E60D01F /* Copy Pods Resources */,
			);
			buildRules = (
			);
			dependencies = (
			);
			name = rakutenViewer;
			productName = rakutenViewer;
			productReference = ECB2E1E61B82CF1B00BF4493 /* rakutenViewer.app */;
			productType = "com.apple.product-type.application";
		};
		ECB2E1FA1B82CF1B00BF4493 /* rakutenViewerTests */ = {
			isa = PBXNativeTarget;
			buildConfigurationList = ECB2E2081B82CF1B00BF4493 /* Build configuration list for PBXNativeTarget "rakutenViewerTests" */;
			buildPhases = (
				ECB2E1F71B82CF1B00BF4493 /* Sources */,
				ECB2E1F81B82CF1B00BF4493 /* Frameworks */,
				ECB2E1F91B82CF1B00BF4493 /* Resources */,
			);
			buildRules = (
			);
			dependencies = (
				ECB2E1FD1B82CF1B00BF4493 /* PBXTargetDependency */,
			);
			name = rakutenViewerTests;
			productName = rakutenViewerTests;
			productReference = ECB2E1FB1B82CF1B00BF4493 /* rakutenViewerTests.xctest */;
			productType = "com.apple.product-type.bundle.unit-test";
		};
/* End PBXNativeTarget section */

/* Begin PBXProject section */
		ECB2E1DE1B82CF1B00BF4493 /* Project object */ = {
			isa = PBXProject;
			attributes = {
				LastUpgradeCheck = 0640;
				ORGANIZATIONNAME = sonicmoov;
				TargetAttributes = {
					ECB2E1E51B82CF1B00BF4493 = {
						CreatedOnToolsVersion = 6.4;
					};
					ECB2E1FA1B82CF1B00BF4493 = {
						CreatedOnToolsVersion = 6.4;
						TestTargetID = ECB2E1E51B82CF1B00BF4493;
					};
				};
			};
			buildConfigurationList = ECB2E1E11B82CF1B00BF4493 /* Build configuration list for PBXProject "rakutenViewer" */;
			compatibilityVersion = "Xcode 3.2";
			developmentRegion = English;
			hasScannedForEncodings = 0;
			knownRegions = (
				en,
				Base,
			);
			mainGroup = ECB2E1DD1B82CF1B00BF4493;
			productRefGroup = ECB2E1E71B82CF1B00BF4493 /* Products */;
			projectDirPath = "";
			projectRoot = "";
			targets = (
				ECB2E1E51B82CF1B00BF4493 /* rakutenViewer */,
				ECB2E1FA1B82CF1B00BF4493 /* rakutenViewerTests */,
			);
		};
/* End PBXProject section */

/* Begin PBXResourcesBuildPhase section */
		ECB2E1E41B82CF1B00BF4493 /* Resources */ = {
			isa = PBXResourcesBuildPhase;
			buildActionMask = 2147483647;
			files = (
				ECB2E1F11B82CF1B00BF4493 /* Main.storyboard in Resources */,
				ECB2E1F61B82CF1B00BF4493 /* LaunchScreen.xib in Resources */,
				ECB2E1F31B82CF1B00BF4493 /* Images.xcassets in Resources */,
			);
			runOnlyForDeploymentPostprocessing = 0;
		};
		ECB2E1F91B82CF1B00BF4493 /* Resources */ = {
			isa = PBXResourcesBuildPhase;
			buildActionMask = 2147483647;
			files = (
			);
			runOnlyForDeploymentPostprocessing = 0;
		};
/* End PBXResourcesBuildPhase section */

/* Begin PBXShellScriptBuildPhase section */
		80990AF2C7EB85BA4E60D01F /* Copy Pods Resources */ = {
			isa = PBXShellScriptBuildPhase;
			buildActionMask = 2147483647;
			files = (
			);
			inputPaths = (
			);
			name = "Copy Pods Resources";
			outputPaths = (
			);
			runOnlyForDeploymentPostprocessing = 0;
			shellPath = /bin/sh;
			shellScript = "\"${SRCROOT}/Pods/Target Support Files/Pods/Pods-resources.sh\"\n";
			showEnvVarsInLog = 0;
		};
		9814A7753B909A5411CD2D01 /* Check Pods Manifest.lock */ = {
			isa = PBXShellScriptBuildPhase;
			buildActionMask = 2147483647;
			files = (
			);
			inputPaths = (
			);
			name = "Check Pods Manifest.lock";
			outputPaths = (
			);
			runOnlyForDeploymentPostprocessing = 0;
			shellPath = /bin/sh;
			shellScript = "diff \"${PODS_ROOT}/../Podfile.lock\" \"${PODS_ROOT}/Manifest.lock\" > /dev/null\nif [[ $? != 0 ]] ; then\n    cat << EOM\nerror: The sandbox is not in sync with the Podfile.lock. Run 'pod install' or update your CocoaPods installation.\nEOM\n    exit 1\nfi\n";
			showEnvVarsInLog = 0;
		};
		EC929B8AA4AF698A0B0544AF /* Embed Pods Frameworks */ = {
			isa = PBXShellScriptBuildPhase;
			buildActionMask = 2147483647;
			files = (
			);
			inputPaths = (
			);
			name = "Embed Pods Frameworks";
			outputPaths = (
			);
			runOnlyForDeploymentPostprocessing = 0;
			shellPath = /bin/sh;
			shellScript = "\"${SRCROOT}/Pods/Target Support Files/Pods/Pods-frameworks.sh\"\n";
			showEnvVarsInLog = 0;
		};
/* End PBXShellScriptBuildPhase section */

/* Begin PBXSourcesBuildPhase section */
		ECB2E1E21B82CF1B00BF4493 /* Sources */ = {
			isa = PBXSourcesBuildPhase;
			buildActionMask = 2147483647;
			files = (
				EC501ABF1B830A4100D9256D /* BrowserViewController.swift in Sources */,
				EC501AC71B8317BB00D9256D /* ItemJSON.swift in Sources */,
				ECEE04C71B845BAC00FFCEFB /* ItemCell.swift in Sources */,
				EC501AC31B830CB800D9256D /* EndPoints.swift in Sources */,
				ECB2E1EC1B82CF1B00BF4493 /* AppDelegate.swift in Sources */,
				EC501ABD1B83042200D9256D /* ItemsViewController.swift in Sources */,
				EC501AC11B830B7700D9256D /* SearchManager.swift in Sources */,
				ECB2E20C1B82D13000BF4493 /* APIClient.swift in Sources */,
			);
			runOnlyForDeploymentPostprocessing = 0;
		};
		ECB2E1F71B82CF1B00BF4493 /* Sources */ = {
			isa = PBXSourcesBuildPhase;
			buildActionMask = 2147483647;
			files = (
				ECB2E2021B82CF1B00BF4493 /* rakutenViewerTests.swift in Sources */,
			);
			runOnlyForDeploymentPostprocessing = 0;
		};
/* End PBXSourcesBuildPhase section */

/* Begin PBXTargetDependency section */
		ECB2E1FD1B82CF1B00BF4493 /* PBXTargetDependency */ = {
			isa = PBXTargetDependency;
			target = ECB2E1E51B82CF1B00BF4493 /* rakutenViewer */;
			targetProxy = ECB2E1FC1B82CF1B00BF4493 /* PBXContainerItemProxy */;
		};
/* End PBXTargetDependency section */

/* Begin PBXVariantGroup section */
		ECB2E1EF1B82CF1B00BF4493 /* Main.storyboard */ = {
			isa = PBXVariantGroup;
			children = (
				ECB2E1F01B82CF1B00BF4493 /* Base */,
			);
			name = Main.storyboard;
			sourceTree = "<group>";
		};
		ECB2E1F41B82CF1B00BF4493 /* LaunchScreen.xib */ = {
			isa = PBXVariantGroup;
			children = (
				ECB2E1F51B82CF1B00BF4493 /* Base */,
			);
			name = LaunchScreen.xib;
			sourceTree = "<group>";
		};
/* End PBXVariantGroup section */

/* Begin XCBuildConfiguration section */
		ECB2E2031B82CF1B00BF4493 /* Debug */ = {
			isa = XCBuildConfiguration;
			buildSettings = {
				ALWAYS_SEARCH_USER_PATHS = NO;
				CLANG_CXX_LANGUAGE_STANDARD = "gnu++0x";
				CLANG_CXX_LIBRARY = "libc++";
				CLANG_ENABLE_MODULES = YES;
				CLANG_ENABLE_OBJC_ARC = YES;
				CLANG_WARN_BOOL_CONVERSION = YES;
				CLANG_WARN_CONSTANT_CONVERSION = YES;
				CLANG_WARN_DIRECT_OBJC_ISA_USAGE = YES_ERROR;
				CLANG_WARN_EMPTY_BODY = YES;
				CLANG_WARN_ENUM_CONVERSION = YES;
				CLANG_WARN_INT_CONVERSION = YES;
				CLANG_WARN_OBJC_ROOT_CLASS = YES_ERROR;
				CLANG_WARN_UNREACHABLE_CODE = YES;
				CLANG_WARN__DUPLICATE_METHOD_MATCH = YES;
				"CODE_SIGN_IDENTITY[sdk=iphoneos*]" = "iPhone Developer";
				COPY_PHASE_STRIP = NO;
				DEBUG_INFORMATION_FORMAT = "dwarf-with-dsym";
				ENABLE_STRICT_OBJC_MSGSEND = YES;
				GCC_C_LANGUAGE_STANDARD = gnu99;
				GCC_DYNAMIC_NO_PIC = NO;
				GCC_NO_COMMON_BLOCKS = YES;
				GCC_OPTIMIZATION_LEVEL = 0;
				GCC_PREPROCESSOR_DEFINITIONS = (
					"DEBUG=1",
					"$(inherited)",
				);
				GCC_SYMBOLS_PRIVATE_EXTERN = NO;
				GCC_WARN_64_TO_32_BIT_CONVERSION = YES;
				GCC_WARN_ABOUT_RETURN_TYPE = YES_ERROR;
				GCC_WARN_UNDECLARED_SELECTOR = YES;
				GCC_WARN_UNINITIALIZED_AUTOS = YES_AGGRESSIVE;
				GCC_WARN_UNUSED_FUNCTION = YES;
				GCC_WARN_UNUSED_VARIABLE = YES;
				IPHONEOS_DEPLOYMENT_TARGET = 8.4;
				MTL_ENABLE_DEBUG_INFO = YES;
				ONLY_ACTIVE_ARCH = YES;
				SDKROOT = iphoneos;
				SWIFT_OPTIMIZATION_LEVEL = "-Onone";
			};
			name = Debug;
		};
		ECB2E2041B82CF1B00BF4493 /* Release */ = {
			isa = XCBuildConfiguration;
			buildSettings = {
				ALWAYS_SEARCH_USER_PATHS = NO;
				CLANG_CXX_LANGUAGE_STANDARD = "gnu++0x";
				CLANG_CXX_LIBRARY = "libc++";
				CLANG_ENABLE_MODULES = YES;
				CLANG_ENABLE_OBJC_ARC = YES;
				CLANG_WARN_BOOL_CONVERSION = YES;
				CLANG_WARN_CONSTANT_CONVERSION = YES;
				CLANG_WARN_DIRECT_OBJC_ISA_USAGE = YES_ERROR;
				CLANG_WARN_EMPTY_BODY = YES;
				CLANG_WARN_ENUM_CONVERSION = YES;
				CLANG_WARN_INT_CONVERSION = YES;
				CLANG_WARN_OBJC_ROOT_CLASS = YES_ERROR;
				CLANG_WARN_UNREACHABLE_CODE = YES;
				CLANG_WARN__DUPLICATE_METHOD_MATCH = YES;
				"CODE_SIGN_IDENTITY[sdk=iphoneos*]" = "iPhone Developer";
				COPY_PHASE_STRIP = NO;
				DEBUG_INFORMATION_FORMAT = "dwarf-with-dsym";
				ENABLE_NS_ASSERTIONS = NO;
				ENABLE_STRICT_OBJC_MSGSEND = YES;
				GCC_C_LANGUAGE_STANDARD = gnu99;
				GCC_NO_COMMON_BLOCKS = YES;
				GCC_WARN_64_TO_32_BIT_CONVERSION = YES;
				GCC_WARN_ABOUT_RETURN_TYPE = YES_ERROR;
				GCC_WARN_UNDECLARED_SELECTOR = YES;
				GCC_WARN_UNINITIALIZED_AUTOS = YES_AGGRESSIVE;
				GCC_WARN_UNUSED_FUNCTION = YES;
				GCC_WARN_UNUSED_VARIABLE = YES;
				IPHONEOS_DEPLOYMENT_TARGET = 8.4;
				MTL_ENABLE_DEBUG_INFO = NO;
				SDKROOT = iphoneos;
				VALIDATE_PRODUCT = YES;
			};
			name = Release;
		};
		ECB2E2061B82CF1B00BF4493 /* Debug */ = {
			isa = XCBuildConfiguration;
			baseConfigurationReference = F850F0A3A7A93EF4D2990847 /* Pods.debug.xcconfig */;
			buildSettings = {
				ASSETCATALOG_COMPILER_APPICON_NAME = AppIcon;
				INFOPLIST_FILE = rakutenViewer/Info.plist;
				LD_RUNPATH_SEARCH_PATHS = "$(inherited) @executable_path/Frameworks";
				PRODUCT_NAME = "$(TARGET_NAME)";
			};
			name = Debug;
		};
		ECB2E2071B82CF1B00BF4493 /* Release */ = {
			isa = XCBuildConfiguration;
			baseConfigurationReference = E319CC9C0FB8D23A8759A78F /* Pods.release.xcconfig */;
			buildSettings = {
				ASSETCATALOG_COMPILER_APPICON_NAME = AppIcon;
				INFOPLIST_FILE = rakutenViewer/Info.plist;
				LD_RUNPATH_SEARCH_PATHS = "$(inherited) @executable_path/Frameworks";
				PRODUCT_NAME = "$(TARGET_NAME)";
			};
			name = Release;
		};
		ECB2E2091B82CF1B00BF4493 /* Debug */ = {
			isa = XCBuildConfiguration;
			buildSettings = {
				BUNDLE_LOADER = "$(TEST_HOST)";
				FRAMEWORK_SEARCH_PATHS = (
					"$(SDKROOT)/Developer/Library/Frameworks",
					"$(inherited)",
				);
				GCC_PREPROCESSOR_DEFINITIONS = (
					"DEBUG=1",
					"$(inherited)",
				);
				INFOPLIST_FILE = rakutenViewerTests/Info.plist;
				LD_RUNPATH_SEARCH_PATHS = "$(inherited) @executable_path/Frameworks @loader_path/Frameworks";
				PRODUCT_NAME = "$(TARGET_NAME)";
				TEST_HOST = "$(BUILT_PRODUCTS_DIR)/rakutenViewer.app/rakutenViewer";
			};
			name = Debug;
		};
		ECB2E20A1B82CF1B00BF4493 /* Release */ = {
			isa = XCBuildConfiguration;
			buildSettings = {
				BUNDLE_LOADER = "$(TEST_HOST)";
				FRAMEWORK_SEARCH_PATHS = (
					"$(SDKROOT)/Developer/Library/Frameworks",
					"$(inherited)",
				);
				INFOPLIST_FILE = rakutenViewerTests/Info.plist;
				LD_RUNPATH_SEARCH_PATHS = "$(inherited) @executable_path/Frameworks @loader_path/Frameworks";
				PRODUCT_NAME = "$(TARGET_NAME)";
				TEST_HOST = "$(BUILT_PRODUCTS_DIR)/rakutenViewer.app/rakutenViewer";
			};
			name = Release;
		};
/* End XCBuildConfiguration section */

/* Begin XCConfigurationList section */
		ECB2E1E11B82CF1B00BF4493 /* Build configuration list for PBXProject "rakutenViewer" */ = {
			isa = XCConfigurationList;
			buildConfigurations = (
				ECB2E2031B82CF1B00BF4493 /* Debug */,
				ECB2E2041B82CF1B00BF4493 /* Release */,
			);
			defaultConfigurationIsVisible = 0;
			defaultConfigurationName = Release;
		};
		ECB2E2051B82CF1B00BF4493 /* Build configuration list for PBXNativeTarget "rakutenViewer" */ = {
			isa = XCConfigurationList;
			buildConfigurations = (
				ECB2E2061B82CF1B00BF4493 /* Debug */,
				ECB2E2071B82CF1B00BF4493 /* Release */,
			);
			defaultConfigurationIsVisible = 0;
			defaultConfigurationName = Release;
		};
		ECB2E2081B82CF1B00BF4493 /* Build configuration list for PBXNativeTarget "rakutenViewerTests" */ = {
			isa = XCConfigurationList;
			buildConfigurations = (
				ECB2E2091B82CF1B00BF4493 /* Debug */,
				ECB2E20A1B82CF1B00BF4493 /* Release */,
			);
			defaultConfigurationIsVisible = 0;
			defaultConfigurationName = Release;
		};
/* End XCConfigurationList section */
	};
	rootObject = ECB2E1DE1B82CF1B00BF4493 /* Project object */;
}
